{
  "originHash" : "94026d30bfab05c7cd73b5af0ccd278e508626d82a5240111654e4bd623cef44",
  "pins" : [
    {
      "identity" : "detaileddescription",
      "kind" : "remoteSourceControl",
      "location" : "https://github.com/Vaida12345/DetailedDescription",
      "state" : {
        "revision" : "7ecc1e6ad6e98b7234e3fe32ca27d9762e09da47",
        "version" : "2.0.9"
      }
    },
    {
      "identity" : "essentials",
      "kind" : "remoteSourceControl",
      "location" : "https://github.com/Vaida12345/Essentials",
      "state" : {
        "revision" : "7fdb21d47a3eb8f828a519f11bbe226d0d4fc7af",
        "version" : "1.1.3"
      }
    }
  ],
  "version" : 3
}
